
Microsoft Visual Studio Solution File, Format Version 12.00
# Visual Studio Version 16
VisualStudioVersion = 16.0.29503.13
MinimumVisualStudioVersion = 10.0.40219.1
Project("{9A19103F-16F7-4668-BE54-9A1E7A4F7556}") = "BusAPI", "Microservices\BusAPI.csproj", "{CFA0E797-B172-4CF8-B906-4C68554DA3B7}"
EndProject
Project("{9A19103F-16F7-4668-BE54-9A1E7A4F7556}") = "PlaneAPI", "PlaneAPI\PlaneAPI.csproj", "{E6D5497B-AC6B-46AB-B319-008D8B1FBEB1}"
EndProject
Project("{9A19103F-16F7-4668-BE54-9A1E7A4F7556}") = "Gateway", "Gateway\Gateway.csproj", "{539A02BE-19C4-4174-A9EC-EB2AD8053D55}"
EndProject
Project("{9A19103F-16F7-4668-BE54-9A1E7A4F7556}") = "GatewayAPI", "GatewayAPI\GatewayAPI.csproj", "{DB03DD8F-D4D2-4448-8619-98E8E2842A46}"
EndProject
Project("{9A19103F-16F7-4668-BE54-9A1E7A4F7556}") = "FavoritesAPI", "FavoritesAPI\FavoritesAPI.csproj", "{4B34FC41-5A31-4113-98F2-F6EE8DFC568E}"
EndProject
Project("{FAE04EC0-301F-11D3-BF4B-00C04F79EFBC}") = "WebApiTest", "WebApiTest\WebApiTest.csproj", "{F1257684-5683-4CF5-AC30-555D8105B20D}"
EndProject
Global
	GlobalSection(SolutionConfigurationPlatforms) = preSolution
		Debug|Any CPU = Debug|Any CPU
		Release|Any CPU = Release|Any CPU
	EndGlobalSection
	GlobalSection(ProjectConfigurationPlatforms) = postSolution
		{CFA0E797-B172-4CF8-B906-4C68554DA3B7}.Debug|Any CPU.ActiveCfg = Debug|Any CPU
		{CFA0E797-B172-4CF8-B906-4C68554DA3B7}.Debug|Any CPU.Build.0 = Debug|Any CPU
		{CFA0E797-B172-4CF8-B906-4C68554DA3B7}.Release|Any CPU.ActiveCfg = Release|Any CPU
		{CFA0E797-B172-4CF8-B906-4C68554DA3B7}.Release|Any CPU.Build.0 = Release|Any CPU
		{E6D5497B-AC6B-46AB-B319-008D8B1FBEB1}.Debug|Any CPU.ActiveCfg = Debug|Any CPU
		{E6D5497B-AC6B-46AB-B319-008D8B1FBEB1}.Debug|Any CPU.Build.0 = Debug|Any CPU
		{E6D5497B-AC6B-46AB-B319-008D8B1FBEB1}.Release|Any CPU.ActiveCfg = Release|Any CPU
		{E6D5497B-AC6B-46AB-B319-008D8B1FBEB1}.Release|Any CPU.Build.0 = Release|Any CPU
		{539A02BE-19C4-4174-A9EC-EB2AD8053D55}.Debug|Any CPU.ActiveCfg = Debug|Any CPU
		{539A02BE-19C4-4174-A9EC-EB2AD8053D55}.Debug|Any CPU.Build.0 = Debug|Any CPU
		{539A02BE-19C4-4174-A9EC-EB2AD8053D55}.Release|Any CPU.ActiveCfg = Release|Any CPU
		{539A02BE-19C4-4174-A9EC-EB2AD8053D55}.Release|Any CPU.Build.0 = Release|Any CPU
		{DB03DD8F-D4D2-4448-8619-98E8E2842A46}.Debug|Any CPU.ActiveCfg = Debug|Any CPU
		{DB03DD8F-D4D2-4448-8619-98E8E2842A46}.Debug|Any CPU.Build.0 = Debug|Any CPU
		{DB03DD8F-D4D2-4448-8619-98E8E2842A46}.Release|Any CPU.ActiveCfg = Release|Any CPU
		{DB03DD8F-D4D2-4448-8619-98E8E2842A46}.Release|Any CPU.Build.0 = Release|Any CPU
		{4B34FC41-5A31-4113-98F2-F6EE8DFC568E}.Debug|Any CPU.ActiveCfg = Debug|Any CPU
		{4B34FC41-5A31-4113-98F2-F6EE8DFC568E}.Debug|Any CPU.Build.0 = Debug|Any CPU
		{4B34FC41-5A31-4113-98F2-F6EE8DFC568E}.Release|Any CPU.ActiveCfg = Release|Any CPU
		{4B34FC41-5A31-4113-98F2-F6EE8DFC568E}.Release|Any CPU.Build.0 = Release|Any CPU
		{F1257684-5683-4CF5-AC30-555D8105B20D}.Debug|Any CPU.ActiveCfg = Debug|Any CPU
		{F1257684-5683-4CF5-AC30-555D8105B20D}.Debug|Any CPU.Build.0 = Debug|Any CPU
		{F1257684-5683-4CF5-AC30-555D8105B20D}.Release|Any CPU.ActiveCfg = Release|Any CPU
		{F1257684-5683-4CF5-AC30-555D8105B20D}.Release|Any CPU.Build.0 = Release|Any CPU
	EndGlobalSection
	GlobalSection(SolutionProperties) = preSolution
		HideSolutionNode = FALSE
	EndGlobalSection
	GlobalSection(ExtensibilityGlobals) = postSolution
		SolutionGuid = {629AA963-463C-47B7-ACB8-255F8651C604}
	EndGlobalSection
EndGlobal
